
Microsoft Visual Studio Solution File, Format Version 12.00
# Visual Studio Version 17
VisualStudioVersion = 17.0.31903.59
MinimumVisualStudioVersion = 10.0.40219.1
Project("{9A19103F-16F7-4668-BE54-9A1E7A4F7556}") = "K8SHosting.NET6", "K8SHosting.NET6\K8SHosting.NET6.csproj", "{64AA5D77-9B4E-46AC-AE3D-8457514F6BF3}"
EndProject
Project("{9A19103F-16F7-4668-BE54-9A1E7A4F7556}") = "K8SHosting", "K8SHosting\K8SHosting.csproj", "{BDEC751E-602E-406D-B436-46E93694E929}"
EndProject
Project("{9A19103F-16F7-4668-BE54-9A1E7A4F7556}") = "K8SHosting.NET6.GraphQL", "K8SHosting.NET6.GraphQL\K8SHosting.NET6.GraphQL.csproj", "{E497F929-FD8E-4455-AE38-FB95995C723C}"
EndProject
Project("{FAE04EC0-301F-11D3-BF4B-00C04F79EFBC}") = "K8SHosting.NET6.Default", "K8SHosting.NET6.Default\K8SHosting.NET6.Default.csproj", "{2884A02B-5DE9-4B5E-8EF6-F114446F4084}"
EndProject
Project("{FAE04EC0-301F-11D3-BF4B-00C04F79EFBC}") = "K8SHosting.NET5.Default", "K8SHosting.NET5.Default\K8SHosting.NET5.Default.csproj", "{4852F573-D2B8-47B2-A1B7-38F7BB0D4085}"
EndProject
Global
	GlobalSection(SolutionConfigurationPlatforms) = preSolution
		Debug|Any CPU = Debug|Any CPU
		Release|Any CPU = Release|Any CPU
	EndGlobalSection
	GlobalSection(ProjectConfigurationPlatforms) = postSolution
		{64AA5D77-9B4E-46AC-AE3D-8457514F6BF3}.Debug|Any CPU.ActiveCfg = Debug|Any CPU
		{64AA5D77-9B4E-46AC-AE3D-8457514F6BF3}.Debug|Any CPU.Build.0 = Debug|Any CPU
		{64AA5D77-9B4E-46AC-AE3D-8457514F6BF3}.Release|Any CPU.ActiveCfg = Release|Any CPU
		{64AA5D77-9B4E-46AC-AE3D-8457514F6BF3}.Release|Any CPU.Build.0 = Release|Any CPU
		{BDEC751E-602E-406D-B436-46E93694E929}.Debug|Any CPU.ActiveCfg = Debug|Any CPU
		{BDEC751E-602E-406D-B436-46E93694E929}.Debug|Any CPU.Build.0 = Debug|Any CPU
		{BDEC751E-602E-406D-B436-46E93694E929}.Release|Any CPU.ActiveCfg = Release|Any CPU
		{BDEC751E-602E-406D-B436-46E93694E929}.Release|Any CPU.Build.0 = Release|Any CPU
		{E497F929-FD8E-4455-AE38-FB95995C723C}.Debug|Any CPU.ActiveCfg = Debug|Any CPU
		{E497F929-FD8E-4455-AE38-FB95995C723C}.Debug|Any CPU.Build.0 = Debug|Any CPU
		{E497F929-FD8E-4455-AE38-FB95995C723C}.Release|Any CPU.ActiveCfg = Release|Any CPU
		{E497F929-FD8E-4455-AE38-FB95995C723C}.Release|Any CPU.Build.0 = Release|Any CPU
		{2884A02B-5DE9-4B5E-8EF6-F114446F4084}.Debug|Any CPU.ActiveCfg = Debug|Any CPU
		{2884A02B-5DE9-4B5E-8EF6-F114446F4084}.Debug|Any CPU.Build.0 = Debug|Any CPU
		{2884A02B-5DE9-4B5E-8EF6-F114446F4084}.Release|Any CPU.ActiveCfg = Release|Any CPU
		{2884A02B-5DE9-4B5E-8EF6-F114446F4084}.Release|Any CPU.Build.0 = Release|Any CPU
		{4852F573-D2B8-47B2-A1B7-38F7BB0D4085}.Debug|Any CPU.ActiveCfg = Debug|Any CPU
		{4852F573-D2B8-47B2-A1B7-38F7BB0D4085}.Debug|Any CPU.Build.0 = Debug|Any CPU
		{4852F573-D2B8-47B2-A1B7-38F7BB0D4085}.Release|Any CPU.ActiveCfg = Release|Any CPU
		{4852F573-D2B8-47B2-A1B7-38F7BB0D4085}.Release|Any CPU.Build.0 = Release|Any CPU
	EndGlobalSection
	GlobalSection(SolutionProperties) = preSolution
		HideSolutionNode = FALSE
	EndGlobalSection
	GlobalSection(ExtensibilityGlobals) = postSolution
		SolutionGuid = {25122B97-5139-4C35-A77C-C6EA5185CD95}
	EndGlobalSection
EndGlobal
